
Microsoft Visual Studio Solution File, Format Version 12.00
# Visual Studio 15
VisualStudioVersion = 15.0.28307.1525
MinimumVisualStudioVersion = 10.0.40219.1
Project("{8BC9CEB8-8B4A-11D0-8D11-00A0C91BC942}") = "Qtwuziqi", "Qtwuziqi\Qtwuziqi.vcxproj", "{FA398472-7C08-4A91-BCC8-0EC12A26BE2F}"
EndProject
Global
	GlobalSection(SolutionConfigurationPlatforms) = preSolution
		Debug|x64 = Debug|x64
		Release|x64 = Release|x64
	EndGlobalSection
	GlobalSection(ProjectConfigurationPlatforms) = postSolution
		{FA398472-7C08-4A91-BCC8-0EC12A26BE2F}.Debug|x64.ActiveCfg = Debug|x64
		{FA398472-7C08-4A91-BCC8-0EC12A26BE2F}.Debug|x64.Build.0 = Debug|x64
		{FA398472-7C08-4A91-BCC8-0EC12A26BE2F}.Release|x64.ActiveCfg = Release|x64
		{FA398472-7C08-4A91-BCC8-0EC12A26BE2F}.Release|x64.Build.0 = Release|x64
	EndGlobalSection
	GlobalSection(SolutionProperties) = preSolution
		HideSolutionNode = FALSE
	EndGlobalSection
	GlobalSection(ExtensibilityGlobals) = postSolution
		SolutionGuid = {FD1B27B8-10F6-421F-AD91-8AC93480309F}
	EndGlobalSection
EndGlobal
